
# cargo-vet imports lock

[[audits.bytecode-alliance.audits.anyhow]]
who = "Pat Hickey <phickey@fastly.com>"
criteria = "safe-to-deploy"
delta = "1.0.69 -> 1.0.71"

[[audits.embark-studios.audits.anyhow]]
who = "Johan Andersson <opensource@embark-studios.com>"
criteria = "safe-to-deploy"
version = "1.0.58"

[audits.fermyon.audits]

[[audits.mozilla.audits.anyhow]]
who = "Mike Hommey <mh+mozilla@glandium.org>"
criteria = "safe-to-deploy"
delta = "1.0.57 -> 1.0.61"
aggregated-from = "https://hg.mozilla.org/mozilla-central/raw-file/tip/supply-chain/audits.toml"

[[audits.mozilla.audits.anyhow]]
who = "Bobby Holley <bobbyholley@gmail.com>"
criteria = "safe-to-deploy"
delta = "1.0.58 -> 1.0.57"
notes = "No functional differences, just CI config and docs."
aggregated-from = "https://hg.mozilla.org/mozilla-central/raw-file/tip/supply-chain/audits.toml"

[[audits.mozilla.audits.anyhow]]
who = "Mike Hommey <mh+mozilla@glandium.org>"
criteria = "safe-to-deploy"
delta = "1.0.61 -> 1.0.62"
aggregated-from = "https://hg.mozilla.org/mozilla-central/raw-file/tip/supply-chain/audits.toml"

[[audits.mozilla.audits.anyhow]]
who = "Mike Hommey <mh+mozilla@glandium.org>"
criteria = "safe-to-deploy"
delta = "1.0.62 -> 1.0.68"
aggregated-from = "https://hg.mozilla.org/mozilla-central/raw-file/tip/supply-chain/audits.toml"

[[audits.mozilla.audits.anyhow]]
who = "Mike Hommey <mh+mozilla@glandium.org>"
criteria = "safe-to-deploy"
delta = "1.0.68 -> 1.0.69"
aggregated-from = "https://hg.mozilla.org/mozilla-central/raw-file/tip/supply-chain/audits.toml"

[[audits.zcash.audits.anyhow]]
who = "Jack Grigg <jack@electriccoin.co>"
criteria = "safe-to-deploy"
delta = "1.0.71 -> 1.0.75"
notes = """
`unsafe` changes are migrating from `core::any::Demand` to `std::error::Request` when the
nightly features are available.
"""
aggregated-from = "https://raw.githubusercontent.com/zcash/zcash/master/qa/supply-chain/audits.toml"

[[audits.zcash.audits.anyhow]]
who = "Jack Grigg <jack@electriccoin.co>"
criteria = "safe-to-deploy"
delta = "1.0.75 -> 1.0.77"
notes = """
- Build script changes are to rerun cargo if the `RUSTC_BOOTSTRAP` env variable
  changes, and enable a few more `rustc` config flags.
- Some `unsafe fn`s were altered to add `unsafe` blocks, to make the safety
  contracts in the code clearer (instead of using the `unsafe fn`'s implicit
  `unsafe` block); no actual `unsafe` changes were made.
"""
aggregated-from = "https://raw.githubusercontent.com/zcash/zcash/master/qa/supply-chain/audits.toml"

[[audits.zcash.audits.anyhow]]
who = "Jack Grigg <jack@electriccoin.co>"
criteria = "safe-to-deploy"
delta = "1.0.77 -> 1.0.79"
notes = """
Build script changes are to refactor the existing probe into a separate file
(which removes a filesystem write), and adjust how it gets rerun in response to
changes in the build environment.
"""
aggregated-from = "https://raw.githubusercontent.com/zcash/zcash/master/qa/supply-chain/audits.toml"

[[audits.zcash.audits.anyhow]]
who = "Daira-Emma Hopwood <daira@jacaranda.org>"
criteria = "safe-to-deploy"
delta = "1.0.79 -> 1.0.82"
aggregated-from = "https://raw.githubusercontent.com/zcash/zcash/master/qa/supply-chain/audits.toml"

[[audits.zcash.audits.anyhow]]
who = "Daira-Emma Hopwood <daira@jacaranda.org>"
criteria = "safe-to-deploy"
delta = "1.0.82 -> 1.0.83"
aggregated-from = "https://raw.githubusercontent.com/zcash/librustzcash/main/supply-chain/audits.toml"
